
Microsoft Visual Studio Solution File, Format Version 12.00
# Visual Studio 2012
Project("{FAE04EC0-301F-11D3-BF4B-00C04F79EFBC}") = "MvcApplication3", "MvcApplication3\MvcApplication3.csproj", "{EE71A5D3-8E79-49FA-A440-34C16F45B365}"
EndProject
Global
	GlobalSection(SolutionConfigurationPlatforms) = preSolution
		Debug|Any CPU = Debug|Any CPU
		Release|Any CPU = Release|Any CPU
	EndGlobalSection
	GlobalSection(ProjectConfigurationPlatforms) = postSolution
		{EE71A5D3-8E79-49FA-A440-34C16F45B365}.Debug|Any CPU.ActiveCfg = Debug|Any CPU
		{EE71A5D3-8E79-49FA-A440-34C16F45B365}.Debug|Any CPU.Build.0 = Debug|Any CPU
		{EE71A5D3-8E79-49FA-A440-34C16F45B365}.Release|Any CPU.ActiveCfg = Release|Any CPU
		{EE71A5D3-8E79-49FA-A440-34C16F45B365}.Release|Any CPU.Build.0 = Release|Any CPU
	EndGlobalSection
	GlobalSection(SolutionProperties) = preSolution
		HideSolutionNode = FALSE
	EndGlobalSection
EndGlobal
